// !$*UTF8*$!
{
	archiveVersion = 1;
	classes = {
	};
	objectVersion = 46;
	objects = {

/* Begin PBXBuildFile section */
		F155BAAE192358A000D4C6BB /* Foundation.framework in Frameworks */ = {isa = PBXBuildFile; fileRef = F155BAAD192358A000D4C6BB /* Foundation.framework */; };
		F155BAB0192358A000D4C6BB /* CoreGraphics.framework in Frameworks */ = {isa = PBXBuildFile; fileRef = F155BAAF192358A000D4C6BB /* CoreGraphics.framework */; };
		F155BAB2192358A000D4C6BB /* UIKit.framework in Frameworks */ = {isa = PBXBuildFile; fileRef = F155BAB1192358A000D4C6BB /* UIKit.framework */; };
		F155BAB8192358A000D4C6BB /* InfoPlist.strings in Resources */ = {isa = PBXBuildFile; fileRef = F155BAB6192358A000D4C6BB /* InfoPlist.strings */; };
		F155BABA192358A000D4C6BB /* main.m in Sources */ = {isa = PBXBuildFile; fileRef = F155BAB9192358A000D4C6BB /* main.m */; };
		F155BABE192358A000D4C6BB /* AppDelegate.m in Sources */ = {isa = PBXBuildFile; fileRef = F155BABD192358A000D4C6BB /* AppDelegate.m */; };
		F155BAC7192358A000D4C6BB /* ViewController.m in Sources */ = {isa = PBXBuildFile; fileRef = F155BAC6192358A000D4C6BB /* ViewController.m */; };
		F155BAC9192358A000D4C6BB /* Images.xcassets in Resources */ = {isa = PBXBuildFile; fileRef = F155BAC8192358A000D4C6BB /* Images.xcassets */; };
		F155BAD0192358A000D4C6BB /* XCTest.framework in Frameworks */ = {isa = PBXBuildFile; fileRef = F155BACF192358A000D4C6BB /* XCTest.framework */; };
		F155BAD1192358A000D4C6BB /* Foundation.framework in Frameworks */ = {isa = PBXBuildFile; fileRef = F155BAAD192358A000D4C6BB /* Foundation.framework */; };
		F155BAD2192358A000D4C6BB /* UIKit.framework in Frameworks */ = {isa = PBXBuildFile; fileRef = F155BAB1192358A000D4C6BB /* UIKit.framework */; };
		F155BADA192358A000D4C6BB /* InfoPlist.strings in Resources */ = {isa = PBXBuildFile; fileRef = F155BAD8192358A000D4C6BB /* InfoPlist.strings */; };
		F155BADC192358A000D4C6BB /* TableViewHeaderFractionalHeightBugTests.m in Sources */ = {isa = PBXBuildFile; fileRef = F155BADB192358A000D4C6BB /* TableViewHeaderFractionalHeightBugTests.m */; };
/* End PBXBuildFile section */

/* Begin PBXContainerItemProxy section */
		F155BAD3192358A000D4C6BB /* PBXContainerItemProxy */ = {
			isa = PBXContainerItemProxy;
			containerPortal = F155BAA2192358A000D4C6BB /* Project object */;
			proxyType = 1;
			remoteGlobalIDString = F155BAA9192358A000D4C6BB;
			remoteInfo = TableViewHeaderFractionalHeightBug;
		};
/* End PBXContainerItemProxy section */

/* Begin PBXFileReference section */
		F155BAAA192358A000D4C6BB /* TableViewHeaderFractionalHeightBug.app */ = {isa = PBXFileReference; explicitFileType = wrapper.application; includeInIndex = 0; path = TableViewHeaderFractionalHeightBug.app; sourceTree = BUILT_PRODUCTS_DIR; };
		F155BAAD192358A000D4C6BB /* Foundation.framework */ = {isa = PBXFileReference; lastKnownFileType = wrapper.framework; name = Foundation.framework; path = System/Library/Frameworks/Foundation.framework; sourceTree = SDKROOT; };
		F155BAAF192358A000D4C6BB /* CoreGraphics.framework */ = {isa = PBXFileReference; lastKnownFileType = wrapper.framework; name = CoreGraphics.framework; path = System/Library/Frameworks/CoreGraphics.framework; sourceTree = SDKROOT; };
		F155BAB1192358A000D4C6BB /* UIKit.framework */ = {isa = PBXFileReference; lastKnownFileType = wrapper.framework; name = UIKit.framework; path = System/Library/Frameworks/UIKit.framework; sourceTree = SDKROOT; };
		F155BAB5192358A000D4C6BB /* TableViewHeaderFractionalHeightBug-Info.plist */ = {isa = PBXFileReference; lastKnownFileType = text.plist.xml; path = "TableViewHeaderFractionalHeightBug-Info.plist"; sourceTree = "<group>"; };
		F155BAB7192358A000D4C6BB /* en */ = {isa = PBXFileReference; lastKnownFileType = text.plist.strings; name = en; path = en.lproj/InfoPlist.strings; sourceTree = "<group>"; };
		F155BAB9192358A000D4C6BB /* main.m */ = {isa = PBXFileReference; lastKnownFileType = sourcecode.c.objc; path = main.m; sourceTree = "<group>"; };
		F155BABB192358A000D4C6BB /* TableViewHeaderFractionalHeightBug-Prefix.pch */ = {isa = PBXFileReference; lastKnownFileType = sourcecode.c.h; path = "TableViewHeaderFractionalHeightBug-Prefix.pch"; sourceTree = "<group>"; };
		F155BABC192358A000D4C6BB /* AppDelegate.h */ = {isa = PBXFileReference; lastKnownFileType = sourcecode.c.h; path = AppDelegate.h; sourceTree = "<group>"; };
		F155BABD192358A000D4C6BB /* AppDelegate.m */ = {isa = PBXFileReference; lastKnownFileType = sourcecode.c.objc; path = AppDelegate.m; sourceTree = "<group>"; };
		F155BAC5192358A000D4C6BB /* ViewController.h */ = {isa = PBXFileReference; lastKnownFileType = sourcecode.c.h; path = ViewController.h; sourceTree = "<group>"; };
		F155BAC6192358A000D4C6BB /* ViewController.m */ = {isa = PBXFileReference; lastKnownFileType = sourcecode.c.objc; path = ViewController.m; sourceTree = "<group>"; };
		F155BAC8192358A000D4C6BB /* Images.xcassets */ = {isa = PBXFileReference; lastKnownFileType = folder.assetcatalog; path = Images.xcassets; sourceTree = "<group>"; };
		F155BACE192358A000D4C6BB /* TableViewHeaderFractionalHeightBugTests.xctest */ = {isa = PBXFileReference; explicitFileType = wrapper.cfbundle; includeInIndex = 0; path = TableViewHeaderFractionalHeightBugTests.xctest; sourceTree = BUILT_PRODUCTS_DIR; };
		F155BACF192358A000D4C6BB /* XCTest.framework */ = {isa = PBXFileReference; lastKnownFileType = wrapper.framework; name = XCTest.framework; path = Library/Frameworks/XCTest.framework; sourceTree = DEVELOPER_DIR; };
		F155BAD7192358A000D4C6BB /* TableViewHeaderFractionalHeightBugTests-Info.plist */ = {isa = PBXFileReference; lastKnownFileType = text.plist.xml; path = "TableViewHeaderFractionalHeightBugTests-Info.plist"; sourceTree = "<group>"; };
		F155BAD9192358A000D4C6BB /* en */ = {isa = PBXFileReference; lastKnownFileType = text.plist.strings; name = en; path = en.lproj/InfoPlist.strings; sourceTree = "<group>"; };
		F155BADB192358A000D4C6BB /* TableViewHeaderFractionalHeightBugTests.m */ = {isa = PBXFileReference; lastKnownFileType = sourcecode.c.objc; path = TableViewHeaderFractionalHeightBugTests.m; sourceTree = "<group>"; };
/* End PBXFileReference section */

/* Begin PBXFrameworksBuildPhase section */
		F155BAA7192358A000D4C6BB /* Frameworks */ = {
			isa = PBXFrameworksBuildPhase;
			buildActionMask = 2147483647;
			files = (
				F155BAB0192358A000D4C6BB /* CoreGraphics.framework in Frameworks */,
				F155BAB2192358A000D4C6BB /* UIKit.framework in Frameworks */,
				F155BAAE192358A000D4C6BB /* Foundation.framework in Frameworks */,
			);
			runOnlyForDeploymentPostprocessing = 0;
		};
		F155BACB192358A000D4C6BB /* Frameworks */ = {
			isa = PBXFrameworksBuildPhase;
			buildActionMask = 2147483647;
			files = (
				F155BAD0192358A000D4C6BB /* XCTest.framework in Frameworks */,
				F155BAD2192358A000D4C6BB /* UIKit.framework in Frameworks */,
				F155BAD1192358A000D4C6BB /* Foundation.framework in Frameworks */,
			);
			runOnlyForDeploymentPostprocessing = 0;
		};
/* End PBXFrameworksBuildPhase section */

/* Begin PBXGroup section */
		F155BAA1192358A000D4C6BB = {
			isa = PBXGroup;
			children = (
				F155BAB3192358A000D4C6BB /* TableViewHeaderFractionalHeightBug */,
				F155BAD5192358A000D4C6BB /* TableViewHeaderFractionalHeightBugTests */,
				F155BAAC192358A000D4C6BB /* Frameworks */,
				F155BAAB192358A000D4C6BB /* Products */,
			);
			sourceTree = "<group>";
		};
		F155BAAB192358A000D4C6BB /* Products */ = {
			isa = PBXGroup;
			children = (
				F155BAAA192358A000D4C6BB /* TableViewHeaderFractionalHeightBug.app */,
				F155BACE192358A000D4C6BB /* TableViewHeaderFractionalHeightBugTests.xctest */,
			);
			name = Products;
			sourceTree = "<group>";
		};
		F155BAAC192358A000D4C6BB /* Frameworks */ = {
			isa = PBXGroup;
			children = (
				F155BAAD192358A000D4C6BB /* Foundation.framework */,
				F155BAAF192358A000D4C6BB /* CoreGraphics.framework */,
				F155BAB1192358A000D4C6BB /* UIKit.framework */,
				F155BACF192358A000D4C6BB /* XCTest.framework */,
			);
			name = Frameworks;
			sourceTree = "<group>";
		};
		F155BAB3192358A000D4C6BB /* TableViewHeaderFractionalHeightBug */ = {
			isa = PBXGroup;
			children = (
				F155BABC192358A000D4C6BB /* AppDelegate.h */,
				F155BABD192358A000D4C6BB /* AppDelegate.m */,
				F155BAC5192358A000D4C6BB /* ViewController.h */,
				F155BAC6192358A000D4C6BB /* ViewController.m */,
				F155BAC8192358A000D4C6BB /* Images.xcassets */,
				F155BAB4192358A000D4C6BB /* Supporting Files */,
			);
			path = TableViewHeaderFractionalHeightBug;
			sourceTree = "<group>";
		};
		F155BAB4192358A000D4C6BB /* Supporting Files */ = {
			isa = PBXGroup;
			children = (
				F155BAB5192358A000D4C6BB /* TableViewHeaderFractionalHeightBug-Info.plist */,
				F155BAB6192358A000D4C6BB /* InfoPlist.strings */,
				F155BAB9192358A000D4C6BB /* main.m */,
				F155BABB192358A000D4C6BB /* TableViewHeaderFractionalHeightBug-Prefix.pch */,
			);
			name = "Supporting Files";
			sourceTree = "<group>";
		};
		F155BAD5192358A000D4C6BB /* TableViewHeaderFractionalHeightBugTests */ = {
			isa = PBXGroup;
			children = (
				F155BADB192358A000D4C6BB /* TableViewHeaderFractionalHeightBugTests.m */,
				F155BAD6192358A000D4C6BB /* Supporting Files */,
			);
			path = TableViewHeaderFractionalHeightBugTests;
			sourceTree = "<group>";
		};
		F155BAD6192358A000D4C6BB /* Supporting Files */ = {
			isa = PBXGroup;
			children = (
				F155BAD7192358A000D4C6BB /* TableViewHeaderFractionalHeightBugTests-Info.plist */,
				F155BAD8192358A000D4C6BB /* InfoPlist.strings */,
			);
			name = "Supporting Files";
			sourceTree = "<group>";
		};
/* End PBXGroup section */

/* Begin PBXNativeTarget section */
		F155BAA9192358A000D4C6BB /* TableViewHeaderFractionalHeightBug */ = {
			isa = PBXNativeTarget;
			buildConfigurationList = F155BADF192358A000D4C6BB /* Build configuration list for PBXNativeTarget "TableViewHeaderFractionalHeightBug" */;
			buildPhases = (
				F155BAA6192358A000D4C6BB /* Sources */,
				F155BAA7192358A000D4C6BB /* Frameworks */,
				F155BAA8192358A000D4C6BB /* Resources */,
			);
			buildRules = (
			);
			dependencies = (
			);
			name = TableViewHeaderFractionalHeightBug;
			productName = TableViewHeaderFractionalHeightBug;
			productReference = F155BAAA192358A000D4C6BB /* TableViewHeaderFractionalHeightBug.app */;
			productType = "com.apple.product-type.application";
		};
		F155BACD192358A000D4C6BB /* TableViewHeaderFractionalHeightBugTests */ = {
			isa = PBXNativeTarget;
			buildConfigurationList = F155BAE2192358A000D4C6BB /* Build configuration list for PBXNativeTarget "TableViewHeaderFractionalHeightBugTests" */;
			buildPhases = (
				F155BACA192358A000D4C6BB /* Sources */,
				F155BACB192358A000D4C6BB /* Frameworks */,
				F155BACC192358A000D4C6BB /* Resources */,
			);
			buildRules = (
			);
			dependencies = (
				F155BAD4192358A000D4C6BB /* PBXTargetDependency */,
			);
			name = TableViewHeaderFractionalHeightBugTests;
			productName = TableViewHeaderFractionalHeightBugTests;
			productReference = F155BACE192358A000D4C6BB /* TableViewHeaderFractionalHeightBugTests.xctest */;
			productType = "com.apple.product-type.bundle.unit-test";
		};
/* End PBXNativeTarget section */

/* Begin PBXProject section */
		F155BAA2192358A000D4C6BB /* Project object */ = {
			isa = PBXProject;
			attributes = {
				LastUpgradeCheck = 0510;
				ORGANIZATIONNAME = "Tom Abraham";
				TargetAttributes = {
					F155BACD192358A000D4C6BB = {
						TestTargetID = F155BAA9192358A000D4C6BB;
					};
				};
			};
			buildConfigurationList = F155BAA5192358A000D4C6BB /* Build configuration list for PBXProject "TableViewHeaderFractionalHeightBug" */;
			compatibilityVersion = "Xcode 3.2";
			developmentRegion = English;
			hasScannedForEncodings = 0;
			knownRegions = (
				en,
				Base,
			);
			mainGroup = F155BAA1192358A000D4C6BB;
			productRefGroup = F155BAAB192358A000D4C6BB /* Products */;
			projectDirPath = "";
			projectRoot = "";
			targets = (
				F155BAA9192358A000D4C6BB /* TableViewHeaderFractionalHeightBug */,
				F155BACD192358A000D4C6BB /* TableViewHeaderFractionalHeightBugTests */,
			);
		};
/* End PBXProject section */

/* Begin PBXResourcesBuildPhase section */
		F155BAA8192358A000D4C6BB /* Resources */ = {
			isa = PBXResourcesBuildPhase;
			buildActionMask = 2147483647;
			files = (
				F155BAC9192358A000D4C6BB /* Images.xcassets in Resources */,
				F155BAB8192358A000D4C6BB /* InfoPlist.strings in Resources */,
			);
			runOnlyForDeploymentPostprocessing = 0;
		};
		F155BACC192358A000D4C6BB /* Resources */ = {
			isa = PBXResourcesBuildPhase;
			buildActionMask = 2147483647;
			files = (
				F155BADA192358A000D4C6BB /* InfoPlist.strings in Resources */,
			);
			runOnlyForDeploymentPostprocessing = 0;
		};
/* End PBXResourcesBuildPhase section */

/* Begin PBXSourcesBuildPhase section */
		F155BAA6192358A000D4C6BB /* Sources */ = {
			isa = PBXSourcesBuildPhase;
			buildActionMask = 2147483647;
			files = (
				F155BAC7192358A000D4C6BB /* ViewController.m in Sources */,
				F155BABE192358A000D4C6BB /* AppDelegate.m in Sources */,
				F155BABA192358A000D4C6BB /* main.m in Sources */,
			);
			runOnlyForDeploymentPostprocessing = 0;
		};
		F155BACA192358A000D4C6BB /* Sources */ = {
			isa = PBXSourcesBuildPhase;
			buildActionMask = 2147483647;
			files = (
				F155BADC192358A000D4C6BB /* TableViewHeaderFractionalHeightBugTests.m in Sources */,
			);
			runOnlyForDeploymentPostprocessing = 0;
		};
/* End PBXSourcesBuildPhase section */

/* Begin PBXTargetDependency section */
		F155BAD4192358A000D4C6BB /* PBXTargetDependency */ = {
			isa = PBXTargetDependency;
			target = F155BAA9192358A000D4C6BB /* TableViewHeaderFractionalHeightBug */;
			targetProxy = F155BAD3192358A000D4C6BB /* PBXContainerItemProxy */;
		};
/* End PBXTargetDependency section */

/* Begin PBXVariantGroup section */
		F155BAB6192358A000D4C6BB /* InfoPlist.strings */ = {
			isa = PBXVariantGroup;
			children = (
				F155BAB7192358A000D4C6BB /* en */,
			);
			name = InfoPlist.strings;
			sourceTree = "<group>";
		};
		F155BAD8192358A000D4C6BB /* InfoPlist.strings */ = {
			isa = PBXVariantGroup;
			children = (
				F155BAD9192358A000D4C6BB /* en */,
			);
			name = InfoPlist.strings;
			sourceTree = "<group>";
		};
/* End PBXVariantGroup section */

/* Begin XCBuildConfiguration section */
		F155BADD192358A000D4C6BB /* Debug */ = {
			isa = XCBuildConfiguration;
			buildSettings = {
				ALWAYS_SEARCH_USER_PATHS = NO;
				CLANG_CXX_LANGUAGE_STANDARD = "gnu++0x";
				CLANG_CXX_LIBRARY = "libc++";
				CLANG_ENABLE_MODULES = YES;
				CLANG_ENABLE_OBJC_ARC = YES;
				CLANG_WARN_BOOL_CONVERSION = YES;
				CLANG_WARN_CONSTANT_CONVERSION = YES;
				CLANG_WARN_DIRECT_OBJC_ISA_USAGE = YES_ERROR;
				CLANG_WARN_EMPTY_BODY = YES;
				CLANG_WARN_ENUM_CONVERSION = YES;
				CLANG_WARN_INT_CONVERSION = YES;
				CLANG_WARN_OBJC_ROOT_CLASS = YES_ERROR;
				CLANG_WARN__DUPLICATE_METHOD_MATCH = YES;
				"CODE_SIGN_IDENTITY[sdk=iphoneos*]" = "iPhone Developer";
				COPY_PHASE_STRIP = NO;
				GCC_C_LANGUAGE_STANDARD = gnu99;
				GCC_DYNAMIC_NO_PIC = NO;
				GCC_OPTIMIZATION_LEVEL = 0;
				GCC_PREPROCESSOR_DEFINITIONS = (
					"DEBUG=1",
					"$(inherited)",
				);
				GCC_SYMBOLS_PRIVATE_EXTERN = NO;
				GCC_WARN_64_TO_32_BIT_CONVERSION = YES;
				GCC_WARN_ABOUT_RETURN_TYPE = YES_ERROR;
				GCC_WARN_UNDECLARED_SELECTOR = YES;
				GCC_WARN_UNINITIALIZED_AUTOS = YES_AGGRESSIVE;
				GCC_WARN_UNUSED_FUNCTION = YES;
				GCC_WARN_UNUSED_VARIABLE = YES;
				IPHONEOS_DEPLOYMENT_TARGET = 7.1;
				ONLY_ACTIVE_ARCH = YES;
				SDKROOT = iphoneos;
				TARGETED_DEVICE_FAMILY = "1,2";
			};
			name = Debug;
		};
		F155BADE192358A000D4C6BB /* Release */ = {
			isa = XCBuildConfiguration;
			buildSettings = {
				ALWAYS_SEARCH_USER_PATHS = NO;
				CLANG_CXX_LANGUAGE_STANDARD = "gnu++0x";
				CLANG_CXX_LIBRARY = "libc++";
				CLANG_ENABLE_MODULES = YES;
				CLANG_ENABLE_OBJC_ARC = YES;
				CLANG_WARN_BOOL_CONVERSION = YES;
				CLANG_WARN_CONSTANT_CONVERSION = YES;
				CLANG_WARN_DIRECT_OBJC_ISA_USAGE = YES_ERROR;
				CLANG_WARN_EMPTY_BODY = YES;
				CLANG_WARN_ENUM_CONVERSION = YES;
				CLANG_WARN_INT_CONVERSION = YES;
				CLANG_WARN_OBJC_ROOT_CLASS = YES_ERROR;
				CLANG_WARN__DUPLICATE_METHOD_MATCH = YES;
				"CODE_SIGN_IDENTITY[sdk=iphoneos*]" = "iPhone Developer";
				COPY_PHASE_STRIP = YES;
				ENABLE_NS_ASSERTIONS = NO;
				GCC_C_LANGUAGE_STANDARD = gnu99;
				GCC_WARN_64_TO_32_BIT_CONVERSION = YES;
				GCC_WARN_ABOUT_RETURN_TYPE = YES_ERROR;
				GCC_WARN_UNDECLARED_SELECTOR = YES;
				GCC_WARN_UNINITIALIZED_AUTOS = YES_AGGRESSIVE;
				GCC_WARN_UNUSED_FUNCTION = YES;
				GCC_WARN_UNUSED_VARIABLE = YES;
				IPHONEOS_DEPLOYMENT_TARGET = 7.1;
				SDKROOT = iphoneos;
				TARGETED_DEVICE_FAMILY = "1,2";
				VALIDATE_PRODUCT = YES;
			};
			name = Release;
		};
		F155BAE0192358A000D4C6BB /* Debug */ = {
			isa = XCBuildConfiguration;
			buildSettings = {
				ASSETCATALOG_COMPILER_APPICON_NAME = AppIcon;
				ASSETCATALOG_COMPILER_LAUNCHIMAGE_NAME = LaunchImage;
				GCC_PRECOMPILE_PREFIX_HEADER = YES;
				GCC_PREFIX_HEADER = "TableViewHeaderFractionalHeightBug/TableViewHeaderFractionalHeightBug-Prefix.pch";
				INFOPLIST_FILE = "TableViewHeaderFractionalHeightBug/TableViewHeaderFractionalHeightBug-Info.plist";
				IPHONEOS_DEPLOYMENT_TARGET = 6.1;
				PRODUCT_NAME = "$(TARGET_NAME)";
				WRAPPER_EXTENSION = app;
			};
			name = Debug;
		};
		F155BAE1192358A000D4C6BB /* Release */ = {
			isa = XCBuildConfiguration;
			buildSettings = {
				ASSETCATALOG_COMPILER_APPICON_NAME = AppIcon;
				ASSETCATALOG_COMPILER_LAUNCHIMAGE_NAME = LaunchImage;
				GCC_PRECOMPILE_PREFIX_HEADER = YES;
				GCC_PREFIX_HEADER = "TableViewHeaderFractionalHeightBug/TableViewHeaderFractionalHeightBug-Prefix.pch";
				INFOPLIST_FILE = "TableViewHeaderFractionalHeightBug/TableViewHeaderFractionalHeightBug-Info.plist";
				IPHONEOS_DEPLOYMENT_TARGET = 6.1;
				PRODUCT_NAME = "$(TARGET_NAME)";
				WRAPPER_EXTENSION = app;
			};
			name = Release;
		};
		F155BAE3192358A000D4C6BB /* Debug */ = {
			isa = XCBuildConfiguration;
			buildSettings = {
				BUNDLE_LOADER = "$(BUILT_PRODUCTS_DIR)/TableViewHeaderFractionalHeightBug.app/TableViewHeaderFractionalHeightBug";
				FRAMEWORK_SEARCH_PATHS = (
					"$(SDKROOT)/Developer/Library/Frameworks",
					"$(inherited)",
					"$(DEVELOPER_FRAMEWORKS_DIR)",
				);
				GCC_PRECOMPILE_PREFIX_HEADER = YES;
				GCC_PREFIX_HEADER = "TableViewHeaderFractionalHeightBug/TableViewHeaderFractionalHeightBug-Prefix.pch";
				GCC_PREPROCESSOR_DEFINITIONS = (
					"DEBUG=1",
					"$(inherited)",
				);
				INFOPLIST_FILE = "TableViewHeaderFractionalHeightBugTests/TableViewHeaderFractionalHeightBugTests-Info.plist";
				PRODUCT_NAME = "$(TARGET_NAME)";
				TEST_HOST = "$(BUNDLE_LOADER)";
				WRAPPER_EXTENSION = xctest;
			};
			name = Debug;
		};
		F155BAE4192358A000D4C6BB /* Release */ = {
			isa = XCBuildConfiguration;
			buildSettings = {
				BUNDLE_LOADER = "$(BUILT_PRODUCTS_DIR)/TableViewHeaderFractionalHeightBug.app/TableViewHeaderFractionalHeightBug";
				FRAMEWORK_SEARCH_PATHS = (
					"$(SDKROOT)/Developer/Library/Frameworks",
					"$(inherited)",
					"$(DEVELOPER_FRAMEWORKS_DIR)",
				);
				GCC_PRECOMPILE_PREFIX_HEADER = YES;
				GCC_PREFIX_HEADER = "TableViewHeaderFractionalHeightBug/TableViewHeaderFractionalHeightBug-Prefix.pch";
				INFOPLIST_FILE = "TableViewHeaderFractionalHeightBugTests/TableViewHeaderFractionalHeightBugTests-Info.plist";
				PRODUCT_NAME = "$(TARGET_NAME)";
				TEST_HOST = "$(BUNDLE_LOADER)";
				WRAPPER_EXTENSION = xctest;
			};
			name = Release;
		};
/* End XCBuildConfiguration section */

/* Begin XCConfigurationList section */
		F155BAA5192358A000D4C6BB /* Build configuration list for PBXProject "TableViewHeaderFractionalHeightBug" */ = {
			isa = XCConfigurationList;
			buildConfigurations = (
				F155BADD192358A000D4C6BB /* Debug */,
				F155BADE192358A000D4C6BB /* Release */,
			);
			defaultConfigurationIsVisible = 0;
			defaultConfigurationName = Release;
		};
		F155BADF192358A000D4C6BB /* Build configuration list for PBXNativeTarget "TableViewHeaderFractionalHeightBug" */ = {
			isa = XCConfigurationList;
			buildConfigurations = (
				F155BAE0192358A000D4C6BB /* Debug */,
				F155BAE1192358A000D4C6BB /* Release */,
			);
			defaultConfigurationIsVisible = 0;
		};
		F155BAE2192358A000D4C6BB /* Build configuration list for PBXNativeTarget "TableViewHeaderFractionalHeightBugTests" */ = {
			isa = XCConfigurationList;
			buildConfigurations = (
				F155BAE3192358A000D4C6BB /* Debug */,
				F155BAE4192358A000D4C6BB /* Release */,
			);
			defaultConfigurationIsVisible = 0;
		};
/* End XCConfigurationList section */
	};
	rootObject = F155BAA2192358A000D4C6BB /* Project object */;
}
